{
  "name": "team-notes",
  "lockfileVersion": 2,
  "requires": true,
  "packages": {
    "": {
      "dependencies": {
        "ng-stomp": "^0.5.0"
      }
    },
    "node_modules/ng-stomp": {
      "version": "0.5.0",
      "resolved": "https://registry.npmjs.org/ng-stomp/-/ng-stomp-0.5.0.tgz",
      "integrity": "sha512-m8BCrrJRimyCuxbuUYanyeBvxMu+JmggnpMw8ZrauSmnsns9GkgKyt8HS07P8aqCIY+XgFkVK8YxGr8tc/87bg=="
    }
  },
  "dependencies": {
    "ng-stomp": {
      "version": "0.5.0",
      "resolved": "https://registry.npmjs.org/ng-stomp/-/ng-stomp-0.5.0.tgz",
      "integrity": "sha512-m8BCrrJRimyCuxbuUYanyeBvxMu+JmggnpMw8ZrauSmnsns9GkgKyt8HS07P8aqCIY+XgFkVK8YxGr8tc/87bg=="
    }
  }
}
